
Microsoft Visual Studio Solution File, Format Version 10.00
# Visual Studio 2008
Project("{FAE04EC0-301F-11D3-BF4B-00C04F79EFBC}") = "DivMobi Collection Data Layer", "DivMobi Collection Data Layer\DivMobi Collection Data Layer.csproj", "{A82D866C-F000-4EF7-AB47-A8B17BFCD0DA}"
EndProject
Project("{FAE04EC0-301F-11D3-BF4B-00C04F79EFBC}") = "DivMobi DatabaseConnector", "DivMobi DatabaseConnector\DivMobi DatabaseConnector.csproj", "{75FDDB0D-66F7-4023-8475-5FCDFF61DBB3}"
EndProject
Project("{FAE04EC0-301F-11D3-BF4B-00C04F79EFBC}") = "DivMobi Collection DataManagement", "DivMobi Collection DataManagement\DivMobi Collection DataManagement.csproj", "{3ED04E9B-708D-4161-88E9-9DFB0647CADB}"
	ProjectSection(ProjectDependencies) = postProject
		{75FDDB0D-66F7-4023-8475-5FCDFF61DBB3} = {75FDDB0D-66F7-4023-8475-5FCDFF61DBB3}
		{A82D866C-F000-4EF7-AB47-A8B17BFCD0DA} = {A82D866C-F000-4EF7-AB47-A8B17BFCD0DA}
	EndProjectSection
EndProject
Project("{FAE04EC0-301F-11D3-BF4B-00C04F79EFBC}") = "DivMobi Collection Forms", "DivMobi Collection Forms\DivMobi Collection Forms.csproj", "{3074CF67-B378-43F0-B5E9-D99AE93B01A0}"
	ProjectSection(ProjectDependencies) = postProject
		{1D5F293A-4B43-473E-B765-EF3FDABD4D5D} = {1D5F293A-4B43-473E-B765-EF3FDABD4D5D}
		{A82D866C-F000-4EF7-AB47-A8B17BFCD0DA} = {A82D866C-F000-4EF7-AB47-A8B17BFCD0DA}
		{3ED04E9B-708D-4161-88E9-9DFB0647CADB} = {3ED04E9B-708D-4161-88E9-9DFB0647CADB}
	EndProjectSection
EndProject
Project("{FAE04EC0-301F-11D3-BF4B-00C04F79EFBC}") = "Diversity Mobile Ressource", "Diversity Mobile Ressource\Diversity Mobile Ressource.csproj", "{1D5F293A-4B43-473E-B765-EF3FDABD4D5D}"
EndProject
Project("{FAE04EC0-301F-11D3-BF4B-00C04F79EFBC}") = "Diversity Mobile", "Diversity Mobile\Diversity Mobile.csproj", "{69505467-4348-444D-8DEC-B75DAD62C89B}"
EndProject
Project("{FAE04EC0-301F-11D3-BF4B-00C04F79EFBC}") = "DivMobi FreeSynchronisation", "DivMobi SyncTool\DivMobi FreeSynchronisation.csproj", "{1F60D255-BF54-4642-9D7A-5E3D80FA79A3}"
	ProjectSection(ProjectDependencies) = postProject
		{A84B92DF-B24C-4BB6-8EFA-47213CEE74B2} = {A84B92DF-B24C-4BB6-8EFA-47213CEE74B2}
	EndProjectSection
EndProject
Project("{FAE04EC0-301F-11D3-BF4B-00C04F79EFBC}") = "UserSyncGui", "UserSyncGui\UserSyncGui.csproj", "{10547440-CE1E-421D-BF57-FDA82F525612}"
EndProject
Project("{B900F1C2-3D47-4FEC-85B3-04AAF18C3634}") = "Diversity Mobile Setup", "Diversity Mobile Setup\Diversity Mobile Setup.vddproj", "{81904FED-BDDD-4C5A-B471-B9D9FB99E799}"
EndProject
Project("{FAE04EC0-301F-11D3-BF4B-00C04F79EFBC}") = "ListSynchronization", "ListSynchronizsation\ListSynchronization.csproj", "{16E4FAD9-A68C-4C10-BA60-CCE0AABD9A46}"
EndProject
Project("{FAE04EC0-301F-11D3-BF4B-00C04F79EFBC}") = "UBT AI4 Toolbox", "UBT AI4 Toolbox\UBT AI4 Toolbox.csproj", "{D6465A2E-702B-47F4-AB8C-CB745CF78740}"
EndProject
Project("{FAE04EC0-301F-11D3-BF4B-00C04F79EFBC}") = "SyncBase", "SyncBase\SyncBase.csproj", "{A84B92DF-B24C-4BB6-8EFA-47213CEE74B2}"
EndProject
Project("{FAE04EC0-301F-11D3-BF4B-00C04F79EFBC}") = "Data Item Form Tools", "Data Item Form Tools\Data Item Form Tools.csproj", "{623D41A7-F5BD-4238-9396-18B3B11B846B}"
EndProject
Project("{54435603-DBB4-11D2-8724-00A0C9A8B90C}") = "Diversity Synchronization Build", "Diversity Synchronization Build\Diversity Synchronization Build.vdproj", "{B13900BA-761E-46FC-87FC-E2B6EA777903}"
EndProject
Project("{FAE04EC0-301F-11D3-BF4B-00C04F79EFBC}") = "Diversity Synchronization Gui", "Diversity Synchronization Gui\Diversity Synchronization Gui.csproj", "{60A3CE7B-B8E8-4DC0-94B9-79BBB8F535EF}"
EndProject
Project("{FAE04EC0-301F-11D3-BF4B-00C04F79EFBC}") = "Diversity Synchronization", "Diversity Synchronization\Diversity Synchronization.csproj", "{71F11F46-7468-40E3-83A7-67ACE76406EC}"
EndProject
Project("{FAE04EC0-301F-11D3-BF4B-00C04F79EFBC}") = "DivMobi UMF", "DivMobi UMF\DivMobi UMF.csproj", "{C6411052-C56E-4E8E-B8B0-C4CDA7F9624D}"
EndProject
Project("{FAE04EC0-301F-11D3-BF4B-00C04F79EFBC}") = "VoiceRecording", "VoiceRecording\VoiceRecording.csproj", "{F15CD253-DE2B-45F3-854C-62050C4AD23A}"
EndProject
Project("{FAE04EC0-301F-11D3-BF4B-00C04F79EFBC}") = "Diversity Mobile ContextCustomization", "Diversity Mobile ContextCustomization\Diversity Mobile ContextCustomization.csproj", "{29DCF343-BA87-45AC-AD48-021569F22258}"
EndProject
Project("{FAE04EC0-301F-11D3-BF4B-00C04F79EFBC}") = "DivMobiDirectDataTransfer", "DivMobiDirectDataTransfer\DivMobiDirectDataTransfer.csproj", "{9C490430-3A5D-4D52-BBF9-0604F6E727A1}"
EndProject
Project("{FAE04EC0-301F-11D3-BF4B-00C04F79EFBC}") = "MediaServiceClient", "DiversityMediaServiceClient\MediaServiceClient.csproj", "{041D9DE3-A268-438B-857D-16399B937AD8}"
EndProject
Project("{54435603-DBB4-11D2-8724-00A0C9A8B90C}") = "Diversity Synchronization GUI Build", "Diversity Synchronization GUI Build\Diversity Synchronization GUI Build.vdproj", "{AC0EA8B3-E9B8-47AA-82E9-089CAD3F1160}"
EndProject
Project("{FAE04EC0-301F-11D3-BF4B-00C04F79EFBC}") = "TestConflicts", "TestConflicts\TestConflicts.csproj", "{9DA8718B-9FDB-4D18-A833-290B4334E2DB}"
EndProject
Project("{FAE04EC0-301F-11D3-BF4B-00C04F79EFBC}") = "DivMobi DatabaseConnector2", "DivMobi DatabaseConnector2\DivMobi DatabaseConnector2.csproj", "{3DFBAF8E-EB25-49FB-9CED-151A450844FE}"
EndProject
Project("{FAE04EC0-301F-11D3-BF4B-00C04F79EFBC}") = "OpenNETCF.Desktop.Communication", "OpenNetCF\OpenNETCF.Desktop.Communication.csproj", "{60FD337B-8EB5-4E20-A951-6EBB09CCE442}"
EndProject
Global
	GlobalSection(SolutionConfigurationPlatforms) = preSolution
		Debug|Any CPU = Debug|Any CPU
		Debug|x64 = Debug|x64
		Debug|x86 = Debug|x86
		Release|Any CPU = Release|Any CPU
		Release|x64 = Release|x64
		Release|x86 = Release|x86
	EndGlobalSection
	GlobalSection(ProjectConfigurationPlatforms) = postSolution
		{A82D866C-F000-4EF7-AB47-A8B17BFCD0DA}.Debug|Any CPU.ActiveCfg = Debug|Any CPU
		{A82D866C-F000-4EF7-AB47-A8B17BFCD0DA}.Debug|Any CPU.Build.0 = Debug|Any CPU
		{A82D866C-F000-4EF7-AB47-A8B17BFCD0DA}.Debug|x64.ActiveCfg = Debug|Any CPU
		{A82D866C-F000-4EF7-AB47-A8B17BFCD0DA}.Debug|x64.Build.0 = Debug|Any CPU
		{A82D866C-F000-4EF7-AB47-A8B17BFCD0DA}.Debug|x86.ActiveCfg = Debug|Any CPU
		{A82D866C-F000-4EF7-AB47-A8B17BFCD0DA}.Debug|x86.Build.0 = Debug|Any CPU
		{A82D866C-F000-4EF7-AB47-A8B17BFCD0DA}.Release|Any CPU.ActiveCfg = Release|Any CPU
		{A82D866C-F000-4EF7-AB47-A8B17BFCD0DA}.Release|Any CPU.Build.0 = Release|Any CPU
		{A82D866C-F000-4EF7-AB47-A8B17BFCD0DA}.Release|x64.ActiveCfg = Release|Any CPU
		{A82D866C-F000-4EF7-AB47-A8B17BFCD0DA}.Release|x64.Build.0 = Release|Any CPU
		{A82D866C-F000-4EF7-AB47-A8B17BFCD0DA}.Release|x86.ActiveCfg = Release|Any CPU
		{A82D866C-F000-4EF7-AB47-A8B17BFCD0DA}.Release|x86.Build.0 = Release|Any CPU
		{75FDDB0D-66F7-4023-8475-5FCDFF61DBB3}.Debug|Any CPU.ActiveCfg = Debug|Any CPU
		{75FDDB0D-66F7-4023-8475-5FCDFF61DBB3}.Debug|Any CPU.Build.0 = Debug|Any CPU
		{75FDDB0D-66F7-4023-8475-5FCDFF61DBB3}.Debug|x64.ActiveCfg = Debug|Any CPU
		{75FDDB0D-66F7-4023-8475-5FCDFF61DBB3}.Debug|x64.Build.0 = Debug|Any CPU
		{75FDDB0D-66F7-4023-8475-5FCDFF61DBB3}.Debug|x86.ActiveCfg = Debug|Any CPU
		{75FDDB0D-66F7-4023-8475-5FCDFF61DBB3}.Debug|x86.Build.0 = Debug|Any CPU
		{75FDDB0D-66F7-4023-8475-5FCDFF61DBB3}.Release|Any CPU.ActiveCfg = Release|Any CPU
		{75FDDB0D-66F7-4023-8475-5FCDFF61DBB3}.Release|Any CPU.Build.0 = Release|Any CPU
		{75FDDB0D-66F7-4023-8475-5FCDFF61DBB3}.Release|x64.ActiveCfg = Release|Any CPU
		{75FDDB0D-66F7-4023-8475-5FCDFF61DBB3}.Release|x64.Build.0 = Release|Any CPU
		{75FDDB0D-66F7-4023-8475-5FCDFF61DBB3}.Release|x86.ActiveCfg = Release|Any CPU
		{75FDDB0D-66F7-4023-8475-5FCDFF61DBB3}.Release|x86.Build.0 = Release|Any CPU
		{3ED04E9B-708D-4161-88E9-9DFB0647CADB}.Debug|Any CPU.ActiveCfg = Debug|Any CPU
		{3ED04E9B-708D-4161-88E9-9DFB0647CADB}.Debug|Any CPU.Build.0 = Debug|Any CPU
		{3ED04E9B-708D-4161-88E9-9DFB0647CADB}.Debug|x64.ActiveCfg = Debug|Any CPU
		{3ED04E9B-708D-4161-88E9-9DFB0647CADB}.Debug|x64.Build.0 = Debug|Any CPU
		{3ED04E9B-708D-4161-88E9-9DFB0647CADB}.Debug|x86.ActiveCfg = Debug|Any CPU
		{3ED04E9B-708D-4161-88E9-9DFB0647CADB}.Debug|x86.Build.0 = Debug|Any CPU
		{3ED04E9B-708D-4161-88E9-9DFB0647CADB}.Release|Any CPU.ActiveCfg = Release|Any CPU
		{3ED04E9B-708D-4161-88E9-9DFB0647CADB}.Release|Any CPU.Build.0 = Release|Any CPU
		{3ED04E9B-708D-4161-88E9-9DFB0647CADB}.Release|x64.ActiveCfg = Release|Any CPU
		{3ED04E9B-708D-4161-88E9-9DFB0647CADB}.Release|x64.Build.0 = Release|Any CPU
		{3ED04E9B-708D-4161-88E9-9DFB0647CADB}.Release|x86.ActiveCfg = Release|Any CPU
		{3ED04E9B-708D-4161-88E9-9DFB0647CADB}.Release|x86.Build.0 = Release|Any CPU
		{3074CF67-B378-43F0-B5E9-D99AE93B01A0}.Debug|Any CPU.ActiveCfg = Debug|Any CPU
		{3074CF67-B378-43F0-B5E9-D99AE93B01A0}.Debug|Any CPU.Build.0 = Debug|Any CPU
		{3074CF67-B378-43F0-B5E9-D99AE93B01A0}.Debug|x64.ActiveCfg = Debug|Any CPU
		{3074CF67-B378-43F0-B5E9-D99AE93B01A0}.Debug|x64.Build.0 = Debug|Any CPU
		{3074CF67-B378-43F0-B5E9-D99AE93B01A0}.Debug|x86.ActiveCfg = Debug|Any CPU
		{3074CF67-B378-43F0-B5E9-D99AE93B01A0}.Debug|x86.Build.0 = Debug|Any CPU
		{3074CF67-B378-43F0-B5E9-D99AE93B01A0}.Release|Any CPU.ActiveCfg = Release|Any CPU
		{3074CF67-B378-43F0-B5E9-D99AE93B01A0}.Release|Any CPU.Build.0 = Release|Any CPU
		{3074CF67-B378-43F0-B5E9-D99AE93B01A0}.Release|x64.ActiveCfg = Release|Any CPU
		{3074CF67-B378-43F0-B5E9-D99AE93B01A0}.Release|x86.ActiveCfg = Release|Any CPU
		{3074CF67-B378-43F0-B5E9-D99AE93B01A0}.Release|x86.Build.0 = Release|Any CPU
		{1D5F293A-4B43-473E-B765-EF3FDABD4D5D}.Debug|Any CPU.ActiveCfg = Debug|Any CPU
		{1D5F293A-4B43-473E-B765-EF3FDABD4D5D}.Debug|Any CPU.Build.0 = Debug|Any CPU
		{1D5F293A-4B43-473E-B765-EF3FDABD4D5D}.Debug|x64.ActiveCfg = Debug|Any CPU
		{1D5F293A-4B43-473E-B765-EF3FDABD4D5D}.Debug|x64.Build.0 = Debug|Any CPU
		{1D5F293A-4B43-473E-B765-EF3FDABD4D5D}.Debug|x86.ActiveCfg = Debug|Any CPU
		{1D5F293A-4B43-473E-B765-EF3FDABD4D5D}.Debug|x86.Build.0 = Debug|Any CPU
		{1D5F293A-4B43-473E-B765-EF3FDABD4D5D}.Release|Any CPU.ActiveCfg = Release|Any CPU
		{1D5F293A-4B43-473E-B765-EF3FDABD4D5D}.Release|Any CPU.Build.0 = Release|Any CPU
		{1D5F293A-4B43-473E-B765-EF3FDABD4D5D}.Release|x64.ActiveCfg = Release|Any CPU
		{1D5F293A-4B43-473E-B765-EF3FDABD4D5D}.Release|x86.ActiveCfg = Release|Any CPU
		{1D5F293A-4B43-473E-B765-EF3FDABD4D5D}.Release|x86.Build.0 = Release|Any CPU
		{69505467-4348-444D-8DEC-B75DAD62C89B}.Debug|Any CPU.ActiveCfg = Debug|Any CPU
		{69505467-4348-444D-8DEC-B75DAD62C89B}.Debug|Any CPU.Build.0 = Debug|Any CPU
		{69505467-4348-444D-8DEC-B75DAD62C89B}.Debug|x64.ActiveCfg = Debug|Any CPU
		{69505467-4348-444D-8DEC-B75DAD62C89B}.Debug|x64.Build.0 = Debug|Any CPU
		{69505467-4348-444D-8DEC-B75DAD62C89B}.Debug|x64.Deploy.0 = Debug|Any CPU
		{69505467-4348-444D-8DEC-B75DAD62C89B}.Debug|x86.ActiveCfg = Debug|Any CPU
		{69505467-4348-444D-8DEC-B75DAD62C89B}.Debug|x86.Build.0 = Debug|Any CPU
		{69505467-4348-444D-8DEC-B75DAD62C89B}.Debug|x86.Deploy.0 = Debug|Any CPU
		{69505467-4348-444D-8DEC-B75DAD62C89B}.Release|Any CPU.ActiveCfg = Release|Any CPU
		{69505467-4348-444D-8DEC-B75DAD62C89B}.Release|Any CPU.Build.0 = Release|Any CPU
		{69505467-4348-444D-8DEC-B75DAD62C89B}.Release|Any CPU.Deploy.0 = Release|Any CPU
		{69505467-4348-444D-8DEC-B75DAD62C89B}.Release|x64.ActiveCfg = Release|Any CPU
		{69505467-4348-444D-8DEC-B75DAD62C89B}.Release|x86.ActiveCfg = Release|Any CPU
		{69505467-4348-444D-8DEC-B75DAD62C89B}.Release|x86.Build.0 = Release|Any CPU
		{1F60D255-BF54-4642-9D7A-5E3D80FA79A3}.Debug|Any CPU.ActiveCfg = Debug|Any CPU
		{1F60D255-BF54-4642-9D7A-5E3D80FA79A3}.Debug|x64.ActiveCfg = Debug|Any CPU
		{1F60D255-BF54-4642-9D7A-5E3D80FA79A3}.Debug|x86.ActiveCfg = Debug|Any CPU
		{1F60D255-BF54-4642-9D7A-5E3D80FA79A3}.Release|Any CPU.ActiveCfg = Release|Any CPU
		{1F60D255-BF54-4642-9D7A-5E3D80FA79A3}.Release|Any CPU.Build.0 = Release|Any CPU
		{1F60D255-BF54-4642-9D7A-5E3D80FA79A3}.Release|x64.ActiveCfg = Release|Any CPU
		{1F60D255-BF54-4642-9D7A-5E3D80FA79A3}.Release|x86.ActiveCfg = Release|Any CPU
		{1F60D255-BF54-4642-9D7A-5E3D80FA79A3}.Release|x86.Build.0 = Release|Any CPU
		{10547440-CE1E-421D-BF57-FDA82F525612}.Debug|Any CPU.ActiveCfg = Debug|Any CPU
		{10547440-CE1E-421D-BF57-FDA82F525612}.Debug|Any CPU.Deploy.0 = Debug|Any CPU
		{10547440-CE1E-421D-BF57-FDA82F525612}.Debug|x64.ActiveCfg = Debug|x64
		{10547440-CE1E-421D-BF57-FDA82F525612}.Debug|x64.Build.0 = Debug|x64
		{10547440-CE1E-421D-BF57-FDA82F525612}.Debug|x86.ActiveCfg = Debug|x86
		{10547440-CE1E-421D-BF57-FDA82F525612}.Release|Any CPU.ActiveCfg = Release|Any CPU
		{10547440-CE1E-421D-BF57-FDA82F525612}.Release|Any CPU.Build.0 = Release|Any CPU
		{10547440-CE1E-421D-BF57-FDA82F525612}.Release|x64.ActiveCfg = Release|x64
		{10547440-CE1E-421D-BF57-FDA82F525612}.Release|x64.Build.0 = Release|x64
		{10547440-CE1E-421D-BF57-FDA82F525612}.Release|x86.ActiveCfg = Release|x86
		{81904FED-BDDD-4C5A-B471-B9D9FB99E799}.Debug|Any CPU.ActiveCfg = Debug
		{81904FED-BDDD-4C5A-B471-B9D9FB99E799}.Debug|x64.ActiveCfg = Debug
		{81904FED-BDDD-4C5A-B471-B9D9FB99E799}.Debug|x64.Build.0 = Debug
		{81904FED-BDDD-4C5A-B471-B9D9FB99E799}.Debug|x86.ActiveCfg = Debug
		{81904FED-BDDD-4C5A-B471-B9D9FB99E799}.Release|Any CPU.ActiveCfg = Release
		{81904FED-BDDD-4C5A-B471-B9D9FB99E799}.Release|x64.ActiveCfg = Release
		{81904FED-BDDD-4C5A-B471-B9D9FB99E799}.Release|x86.ActiveCfg = Release
		{81904FED-BDDD-4C5A-B471-B9D9FB99E799}.Release|x86.Build.0 = Release
		{16E4FAD9-A68C-4C10-BA60-CCE0AABD9A46}.Debug|Any CPU.ActiveCfg = Debug|Any CPU
		{16E4FAD9-A68C-4C10-BA60-CCE0AABD9A46}.Debug|x64.ActiveCfg = Debug|Any CPU
		{16E4FAD9-A68C-4C10-BA60-CCE0AABD9A46}.Debug|x64.Build.0 = Debug|Any CPU
		{16E4FAD9-A68C-4C10-BA60-CCE0AABD9A46}.Debug|x86.ActiveCfg = Debug|Any CPU
		{16E4FAD9-A68C-4C10-BA60-CCE0AABD9A46}.Debug|x86.Build.0 = Debug|Any CPU
		{16E4FAD9-A68C-4C10-BA60-CCE0AABD9A46}.Release|Any CPU.ActiveCfg = Release|Any CPU
		{16E4FAD9-A68C-4C10-BA60-CCE0AABD9A46}.Release|Any CPU.Build.0 = Release|Any CPU
		{16E4FAD9-A68C-4C10-BA60-CCE0AABD9A46}.Release|x64.ActiveCfg = Release|x64
		{16E4FAD9-A68C-4C10-BA60-CCE0AABD9A46}.Release|x64.Build.0 = Release|x64
		{16E4FAD9-A68C-4C10-BA60-CCE0AABD9A46}.Release|x86.ActiveCfg = Release|Any CPU
		{16E4FAD9-A68C-4C10-BA60-CCE0AABD9A46}.Release|x86.Build.0 = Release|Any CPU
		{D6465A2E-702B-47F4-AB8C-CB745CF78740}.Debug|Any CPU.ActiveCfg = Debug|Any CPU
		{D6465A2E-702B-47F4-AB8C-CB745CF78740}.Debug|Any CPU.Build.0 = Debug|Any CPU
		{D6465A2E-702B-47F4-AB8C-CB745CF78740}.Debug|x64.ActiveCfg = Debug|Any CPU
		{D6465A2E-702B-47F4-AB8C-CB745CF78740}.Debug|x64.Build.0 = Debug|Any CPU
		{D6465A2E-702B-47F4-AB8C-CB745CF78740}.Debug|x86.ActiveCfg = Debug|Any CPU
		{D6465A2E-702B-47F4-AB8C-CB745CF78740}.Debug|x86.Build.0 = Debug|Any CPU
		{D6465A2E-702B-47F4-AB8C-CB745CF78740}.Release|Any CPU.ActiveCfg = Release|Any CPU
		{D6465A2E-702B-47F4-AB8C-CB745CF78740}.Release|Any CPU.Build.0 = Release|Any CPU
		{D6465A2E-702B-47F4-AB8C-CB745CF78740}.Release|x64.ActiveCfg = Release|Any CPU
		{D6465A2E-702B-47F4-AB8C-CB745CF78740}.Release|x86.ActiveCfg = Release|Any CPU
		{D6465A2E-702B-47F4-AB8C-CB745CF78740}.Release|x86.Build.0 = Release|Any CPU
		{A84B92DF-B24C-4BB6-8EFA-47213CEE74B2}.Debug|Any CPU.ActiveCfg = Debug|Any CPU
		{A84B92DF-B24C-4BB6-8EFA-47213CEE74B2}.Debug|Any CPU.Build.0 = Debug|Any CPU
		{A84B92DF-B24C-4BB6-8EFA-47213CEE74B2}.Debug|x64.ActiveCfg = Debug|Any CPU
		{A84B92DF-B24C-4BB6-8EFA-47213CEE74B2}.Debug|x64.Build.0 = Debug|Any CPU
		{A84B92DF-B24C-4BB6-8EFA-47213CEE74B2}.Debug|x86.ActiveCfg = Debug|Any CPU
		{A84B92DF-B24C-4BB6-8EFA-47213CEE74B2}.Debug|x86.Build.0 = Debug|Any CPU
		{A84B92DF-B24C-4BB6-8EFA-47213CEE74B2}.Release|Any CPU.ActiveCfg = Release|Any CPU
		{A84B92DF-B24C-4BB6-8EFA-47213CEE74B2}.Release|Any CPU.Build.0 = Release|Any CPU
		{A84B92DF-B24C-4BB6-8EFA-47213CEE74B2}.Release|x64.ActiveCfg = Release|x64
		{A84B92DF-B24C-4BB6-8EFA-47213CEE74B2}.Release|x64.Build.0 = Release|x64
		{A84B92DF-B24C-4BB6-8EFA-47213CEE74B2}.Release|x86.ActiveCfg = Release|Any CPU
		{A84B92DF-B24C-4BB6-8EFA-47213CEE74B2}.Release|x86.Build.0 = Release|Any CPU
		{623D41A7-F5BD-4238-9396-18B3B11B846B}.Debug|Any CPU.ActiveCfg = Debug|Any CPU
		{623D41A7-F5BD-4238-9396-18B3B11B846B}.Debug|Any CPU.Build.0 = Debug|Any CPU
		{623D41A7-F5BD-4238-9396-18B3B11B846B}.Debug|x64.ActiveCfg = Debug|Any CPU
		{623D41A7-F5BD-4238-9396-18B3B11B846B}.Debug|x64.Build.0 = Debug|Any CPU
		{623D41A7-F5BD-4238-9396-18B3B11B846B}.Debug|x86.ActiveCfg = Debug|Any CPU
		{623D41A7-F5BD-4238-9396-18B3B11B846B}.Debug|x86.Build.0 = Debug|Any CPU
		{623D41A7-F5BD-4238-9396-18B3B11B846B}.Release|Any CPU.ActiveCfg = Release|Any CPU
		{623D41A7-F5BD-4238-9396-18B3B11B846B}.Release|Any CPU.Build.0 = Release|Any CPU
		{623D41A7-F5BD-4238-9396-18B3B11B846B}.Release|x64.ActiveCfg = Release|Any CPU
		{623D41A7-F5BD-4238-9396-18B3B11B846B}.Release|x86.ActiveCfg = Release|Any CPU
		{623D41A7-F5BD-4238-9396-18B3B11B846B}.Release|x86.Build.0 = Release|Any CPU
		{B13900BA-761E-46FC-87FC-E2B6EA777903}.Debug|Any CPU.ActiveCfg = Debug
		{B13900BA-761E-46FC-87FC-E2B6EA777903}.Debug|x64.ActiveCfg = Debug
		{B13900BA-761E-46FC-87FC-E2B6EA777903}.Debug|x64.Build.0 = Debug
		{B13900BA-761E-46FC-87FC-E2B6EA777903}.Debug|x86.ActiveCfg = Debug
		{B13900BA-761E-46FC-87FC-E2B6EA777903}.Release|Any CPU.ActiveCfg = Release
		{B13900BA-761E-46FC-87FC-E2B6EA777903}.Release|Any CPU.Build.0 = Release
		{B13900BA-761E-46FC-87FC-E2B6EA777903}.Release|x64.ActiveCfg = Release
		{B13900BA-761E-46FC-87FC-E2B6EA777903}.Release|x64.Build.0 = Release
		{B13900BA-761E-46FC-87FC-E2B6EA777903}.Release|x86.ActiveCfg = Release
		{B13900BA-761E-46FC-87FC-E2B6EA777903}.Release|x86.Build.0 = Release
		{60A3CE7B-B8E8-4DC0-94B9-79BBB8F535EF}.Debug|Any CPU.ActiveCfg = Debug|Any CPU
		{60A3CE7B-B8E8-4DC0-94B9-79BBB8F535EF}.Debug|x64.ActiveCfg = Debug|Any CPU
		{60A3CE7B-B8E8-4DC0-94B9-79BBB8F535EF}.Debug|x64.Build.0 = Debug|Any CPU
		{60A3CE7B-B8E8-4DC0-94B9-79BBB8F535EF}.Debug|x86.ActiveCfg = Debug|Any CPU
		{60A3CE7B-B8E8-4DC0-94B9-79BBB8F535EF}.Release|Any CPU.ActiveCfg = Release|Any CPU
		{60A3CE7B-B8E8-4DC0-94B9-79BBB8F535EF}.Release|Any CPU.Build.0 = Release|Any CPU
		{60A3CE7B-B8E8-4DC0-94B9-79BBB8F535EF}.Release|x64.ActiveCfg = Release|Any CPU
		{60A3CE7B-B8E8-4DC0-94B9-79BBB8F535EF}.Release|x86.ActiveCfg = Release|Any CPU
		{60A3CE7B-B8E8-4DC0-94B9-79BBB8F535EF}.Release|x86.Build.0 = Release|Any CPU
		{71F11F46-7468-40E3-83A7-67ACE76406EC}.Debug|Any CPU.ActiveCfg = Debug|Any CPU
		{71F11F46-7468-40E3-83A7-67ACE76406EC}.Debug|x64.ActiveCfg = Debug|Any CPU
		{71F11F46-7468-40E3-83A7-67ACE76406EC}.Debug|x64.Build.0 = Debug|Any CPU
		{71F11F46-7468-40E3-83A7-67ACE76406EC}.Debug|x86.ActiveCfg = Debug|Any CPU
		{71F11F46-7468-40E3-83A7-67ACE76406EC}.Release|Any CPU.ActiveCfg = Release|Any CPU
		{71F11F46-7468-40E3-83A7-67ACE76406EC}.Release|Any CPU.Build.0 = Release|Any CPU
		{71F11F46-7468-40E3-83A7-67ACE76406EC}.Release|x64.ActiveCfg = Release|Any CPU
		{71F11F46-7468-40E3-83A7-67ACE76406EC}.Release|x86.ActiveCfg = Release|Any CPU
		{71F11F46-7468-40E3-83A7-67ACE76406EC}.Release|x86.Build.0 = Release|Any CPU
		{C6411052-C56E-4E8E-B8B0-C4CDA7F9624D}.Debug|Any CPU.ActiveCfg = Debug|Any CPU
		{C6411052-C56E-4E8E-B8B0-C4CDA7F9624D}.Debug|Any CPU.Build.0 = Debug|Any CPU
		{C6411052-C56E-4E8E-B8B0-C4CDA7F9624D}.Debug|x64.ActiveCfg = Debug|Any CPU
		{C6411052-C56E-4E8E-B8B0-C4CDA7F9624D}.Debug|x64.Build.0 = Debug|Any CPU
		{C6411052-C56E-4E8E-B8B0-C4CDA7F9624D}.Debug|x86.ActiveCfg = Debug|Any CPU
		{C6411052-C56E-4E8E-B8B0-C4CDA7F9624D}.Debug|x86.Build.0 = Debug|Any CPU
		{C6411052-C56E-4E8E-B8B0-C4CDA7F9624D}.Release|Any CPU.ActiveCfg = Release|Any CPU
		{C6411052-C56E-4E8E-B8B0-C4CDA7F9624D}.Release|Any CPU.Build.0 = Release|Any CPU
		{C6411052-C56E-4E8E-B8B0-C4CDA7F9624D}.Release|x64.ActiveCfg = Release|Any CPU
		{C6411052-C56E-4E8E-B8B0-C4CDA7F9624D}.Release|x86.ActiveCfg = Release|Any CPU
		{C6411052-C56E-4E8E-B8B0-C4CDA7F9624D}.Release|x86.Build.0 = Release|Any CPU
		{F15CD253-DE2B-45F3-854C-62050C4AD23A}.Debug|Any CPU.ActiveCfg = Debug|Any CPU
		{F15CD253-DE2B-45F3-854C-62050C4AD23A}.Debug|x64.ActiveCfg = Debug|Any CPU
		{F15CD253-DE2B-45F3-854C-62050C4AD23A}.Debug|x64.Build.0 = Debug|Any CPU
		{F15CD253-DE2B-45F3-854C-62050C4AD23A}.Debug|x86.ActiveCfg = Debug|Any CPU
		{F15CD253-DE2B-45F3-854C-62050C4AD23A}.Debug|x86.Build.0 = Debug|Any CPU
		{F15CD253-DE2B-45F3-854C-62050C4AD23A}.Release|Any CPU.ActiveCfg = Release|Any CPU
		{F15CD253-DE2B-45F3-854C-62050C4AD23A}.Release|Any CPU.Build.0 = Release|Any CPU
		{F15CD253-DE2B-45F3-854C-62050C4AD23A}.Release|Any CPU.Deploy.0 = Release|Any CPU
		{F15CD253-DE2B-45F3-854C-62050C4AD23A}.Release|x64.ActiveCfg = Release|Any CPU
		{F15CD253-DE2B-45F3-854C-62050C4AD23A}.Release|x86.ActiveCfg = Release|Any CPU
		{29DCF343-BA87-45AC-AD48-021569F22258}.Debug|Any CPU.ActiveCfg = Debug|Any CPU
		{29DCF343-BA87-45AC-AD48-021569F22258}.Debug|Any CPU.Build.0 = Debug|Any CPU
		{29DCF343-BA87-45AC-AD48-021569F22258}.Debug|Any CPU.Deploy.0 = Debug|Any CPU
		{29DCF343-BA87-45AC-AD48-021569F22258}.Debug|x64.ActiveCfg = Debug|Any CPU
		{29DCF343-BA87-45AC-AD48-021569F22258}.Debug|x64.Build.0 = Debug|Any CPU
		{29DCF343-BA87-45AC-AD48-021569F22258}.Debug|x86.ActiveCfg = Debug|Any CPU
		{29DCF343-BA87-45AC-AD48-021569F22258}.Debug|x86.Build.0 = Debug|Any CPU
		{29DCF343-BA87-45AC-AD48-021569F22258}.Release|Any CPU.ActiveCfg = Release|Any CPU
		{29DCF343-BA87-45AC-AD48-021569F22258}.Release|Any CPU.Build.0 = Release|Any CPU
		{29DCF343-BA87-45AC-AD48-021569F22258}.Release|Any CPU.Deploy.0 = Release|Any CPU
		{29DCF343-BA87-45AC-AD48-021569F22258}.Release|x64.ActiveCfg = Release|Any CPU
		{29DCF343-BA87-45AC-AD48-021569F22258}.Release|x86.ActiveCfg = Release|Any CPU
		{29DCF343-BA87-45AC-AD48-021569F22258}.Release|x86.Build.0 = Release|Any CPU
		{9C490430-3A5D-4D52-BBF9-0604F6E727A1}.Debug|Any CPU.ActiveCfg = Debug|Any CPU
		{9C490430-3A5D-4D52-BBF9-0604F6E727A1}.Debug|Any CPU.Build.0 = Debug|Any CPU
		{9C490430-3A5D-4D52-BBF9-0604F6E727A1}.Debug|x64.ActiveCfg = Debug|Any CPU
		{9C490430-3A5D-4D52-BBF9-0604F6E727A1}.Debug|x64.Build.0 = Debug|Any CPU
		{9C490430-3A5D-4D52-BBF9-0604F6E727A1}.Debug|x86.ActiveCfg = Debug|x86
		{9C490430-3A5D-4D52-BBF9-0604F6E727A1}.Debug|x86.Build.0 = Debug|x86
		{9C490430-3A5D-4D52-BBF9-0604F6E727A1}.Release|Any CPU.ActiveCfg = Release|Any CPU
		{9C490430-3A5D-4D52-BBF9-0604F6E727A1}.Release|Any CPU.Build.0 = Release|Any CPU
		{9C490430-3A5D-4D52-BBF9-0604F6E727A1}.Release|x64.ActiveCfg = Release|Any CPU
		{9C490430-3A5D-4D52-BBF9-0604F6E727A1}.Release|x86.ActiveCfg = Release|Any CPU
		{9C490430-3A5D-4D52-BBF9-0604F6E727A1}.Release|x86.Build.0 = Release|Any CPU
		{041D9DE3-A268-438B-857D-16399B937AD8}.Debug|Any CPU.ActiveCfg = Debug|Any CPU
		{041D9DE3-A268-438B-857D-16399B937AD8}.Debug|Any CPU.Build.0 = Debug|Any CPU
		{041D9DE3-A268-438B-857D-16399B937AD8}.Debug|x64.ActiveCfg = Debug|Any CPU
		{041D9DE3-A268-438B-857D-16399B937AD8}.Debug|x64.Build.0 = Debug|Any CPU
		{041D9DE3-A268-438B-857D-16399B937AD8}.Debug|x86.ActiveCfg = Debug|Any CPU
		{041D9DE3-A268-438B-857D-16399B937AD8}.Release|Any CPU.ActiveCfg = Release|Any CPU
		{041D9DE3-A268-438B-857D-16399B937AD8}.Release|Any CPU.Build.0 = Release|Any CPU
		{041D9DE3-A268-438B-857D-16399B937AD8}.Release|x64.ActiveCfg = Release|Any CPU
		{041D9DE3-A268-438B-857D-16399B937AD8}.Release|x86.ActiveCfg = Release|Any CPU
		{AC0EA8B3-E9B8-47AA-82E9-089CAD3F1160}.Debug|Any CPU.ActiveCfg = Debug
		{AC0EA8B3-E9B8-47AA-82E9-089CAD3F1160}.Debug|Any CPU.Build.0 = Debug
		{AC0EA8B3-E9B8-47AA-82E9-089CAD3F1160}.Debug|x64.ActiveCfg = Debug
		{AC0EA8B3-E9B8-47AA-82E9-089CAD3F1160}.Debug|x64.Build.0 = Debug
		{AC0EA8B3-E9B8-47AA-82E9-089CAD3F1160}.Debug|x86.ActiveCfg = Debug
		{AC0EA8B3-E9B8-47AA-82E9-089CAD3F1160}.Release|Any CPU.ActiveCfg = Release
		{AC0EA8B3-E9B8-47AA-82E9-089CAD3F1160}.Release|Any CPU.Build.0 = Release
		{AC0EA8B3-E9B8-47AA-82E9-089CAD3F1160}.Release|x64.ActiveCfg = Release
		{AC0EA8B3-E9B8-47AA-82E9-089CAD3F1160}.Release|x64.Build.0 = Release
		{AC0EA8B3-E9B8-47AA-82E9-089CAD3F1160}.Release|x86.ActiveCfg = Release
		{AC0EA8B3-E9B8-47AA-82E9-089CAD3F1160}.Release|x86.Build.0 = Release
		{9DA8718B-9FDB-4D18-A833-290B4334E2DB}.Debug|Any CPU.ActiveCfg = Debug|Any CPU
		{9DA8718B-9FDB-4D18-A833-290B4334E2DB}.Debug|Any CPU.Build.0 = Debug|Any CPU
		{9DA8718B-9FDB-4D18-A833-290B4334E2DB}.Debug|x64.ActiveCfg = Debug|Any CPU
		{9DA8718B-9FDB-4D18-A833-290B4334E2DB}.Debug|x64.Build.0 = Debug|Any CPU
		{9DA8718B-9FDB-4D18-A833-290B4334E2DB}.Debug|x86.ActiveCfg = Debug|x86
		{9DA8718B-9FDB-4D18-A833-290B4334E2DB}.Debug|x86.Build.0 = Debug|x86
		{9DA8718B-9FDB-4D18-A833-290B4334E2DB}.Release|Any CPU.ActiveCfg = Release|Any CPU
		{9DA8718B-9FDB-4D18-A833-290B4334E2DB}.Release|Any CPU.Build.0 = Release|Any CPU
		{9DA8718B-9FDB-4D18-A833-290B4334E2DB}.Release|x64.ActiveCfg = Release|Any CPU
		{9DA8718B-9FDB-4D18-A833-290B4334E2DB}.Release|x86.ActiveCfg = Release|Any CPU
		{3DFBAF8E-EB25-49FB-9CED-151A450844FE}.Debug|Any CPU.ActiveCfg = Debug|Any CPU
		{3DFBAF8E-EB25-49FB-9CED-151A450844FE}.Debug|Any CPU.Build.0 = Debug|Any CPU
		{3DFBAF8E-EB25-49FB-9CED-151A450844FE}.Debug|x64.ActiveCfg = Debug|Any CPU
		{3DFBAF8E-EB25-49FB-9CED-151A450844FE}.Debug|x86.ActiveCfg = Debug|Any CPU
		{3DFBAF8E-EB25-49FB-9CED-151A450844FE}.Debug|x86.Build.0 = Debug|Any CPU
		{3DFBAF8E-EB25-49FB-9CED-151A450844FE}.Release|Any CPU.ActiveCfg = Release|Any CPU
		{3DFBAF8E-EB25-49FB-9CED-151A450844FE}.Release|Any CPU.Build.0 = Release|Any CPU
		{3DFBAF8E-EB25-49FB-9CED-151A450844FE}.Release|x64.ActiveCfg = Release|Any CPU
		{3DFBAF8E-EB25-49FB-9CED-151A450844FE}.Release|x86.ActiveCfg = Release|Any CPU
		{60FD337B-8EB5-4E20-A951-6EBB09CCE442}.Debug|Any CPU.ActiveCfg = Debug|Any CPU
		{60FD337B-8EB5-4E20-A951-6EBB09CCE442}.Debug|Any CPU.Build.0 = Debug|Any CPU
		{60FD337B-8EB5-4E20-A951-6EBB09CCE442}.Debug|x64.ActiveCfg = Debug|x64
		{60FD337B-8EB5-4E20-A951-6EBB09CCE442}.Debug|x64.Build.0 = Debug|x64
		{60FD337B-8EB5-4E20-A951-6EBB09CCE442}.Debug|x86.ActiveCfg = Debug|Any CPU
		{60FD337B-8EB5-4E20-A951-6EBB09CCE442}.Release|Any CPU.ActiveCfg = Release|Any CPU
		{60FD337B-8EB5-4E20-A951-6EBB09CCE442}.Release|Any CPU.Build.0 = Release|Any CPU
		{60FD337B-8EB5-4E20-A951-6EBB09CCE442}.Release|x64.ActiveCfg = Release|x64
		{60FD337B-8EB5-4E20-A951-6EBB09CCE442}.Release|x64.Build.0 = Release|x64
		{60FD337B-8EB5-4E20-A951-6EBB09CCE442}.Release|x86.ActiveCfg = Release|x64
	EndGlobalSection
	GlobalSection(SolutionProperties) = preSolution
		HideSolutionNode = FALSE
	EndGlobalSection
	GlobalSection(SubversionScc) = preSolution
		Svn-Managed = True
		Manager = AnkhSVN - Subversion Support for Visual Studio
	EndGlobalSection
EndGlobal
