
Microsoft Visual Studio Solution File, Format Version 10.00
# Visual Studio 2008
Project("{FAE04EC0-301F-11D3-BF4B-00C04F79EFBC}") = "MediaServiceClient", "MediaServiceClient.csproj", "{041D9DE3-A268-438B-857D-16399B937AD8}"
EndProject
Global
	GlobalSection(SolutionConfigurationPlatforms) = preSolution
		Debug|Any CPU = Debug|Any CPU
		Release|Any CPU = Release|Any CPU
	EndGlobalSection
	GlobalSection(ProjectConfigurationPlatforms) = postSolution
		{041D9DE3-A268-438B-857D-16399B937AD8}.Debug|Any CPU.ActiveCfg = Debug|Any CPU
		{041D9DE3-A268-438B-857D-16399B937AD8}.Debug|Any CPU.Build.0 = Debug|Any CPU
		{041D9DE3-A268-438B-857D-16399B937AD8}.Release|Any CPU.ActiveCfg = Release|Any CPU
		{041D9DE3-A268-438B-857D-16399B937AD8}.Release|Any CPU.Build.0 = Release|Any CPU
	EndGlobalSection
	GlobalSection(SolutionProperties) = preSolution
		HideSolutionNode = FALSE
	EndGlobalSection
EndGlobal
