
Microsoft Visual Studio Solution File, Format Version 10.00
# Visual Studio 2008
Project("{FAE04EC0-301F-11D3-BF4B-00C04F79EFBC}") = "ListSynchronization", "ListSynchronization.csproj", "{16E4FAD9-A68C-4C10-BA60-CCE0AABD9A46}"
EndProject
Global
	GlobalSection(SolutionConfigurationPlatforms) = preSolution
		Debug|Any CPU = Debug|Any CPU
		Release|Any CPU = Release|Any CPU
	EndGlobalSection
	GlobalSection(ProjectConfigurationPlatforms) = postSolution
		{16E4FAD9-A68C-4C10-BA60-CCE0AABD9A46}.Debug|Any CPU.ActiveCfg = Debug|Any CPU
		{16E4FAD9-A68C-4C10-BA60-CCE0AABD9A46}.Debug|Any CPU.Build.0 = Debug|Any CPU
		{16E4FAD9-A68C-4C10-BA60-CCE0AABD9A46}.Release|Any CPU.ActiveCfg = Release|Any CPU
		{16E4FAD9-A68C-4C10-BA60-CCE0AABD9A46}.Release|Any CPU.Build.0 = Release|Any CPU
	EndGlobalSection
	GlobalSection(SolutionProperties) = preSolution
		HideSolutionNode = FALSE
	EndGlobalSection
EndGlobal
